
Microsoft Visual Studio Solution File, Format Version 12.00
# Visual Studio 15
VisualStudioVersion = 15.0.27703.2000
MinimumVisualStudioVersion = 10.0.40219.1
Project("{FAE04EC0-301F-11D3-BF4B-00C04F79EFBC}") = "ConsolepourProjet", "ConsolepourProjet\ConsolepourProjet.csproj", "{5B674886-4A17-40FE-9B82-2D5D7B272063}"
EndProject
Project("{FAE04EC0-301F-11D3-BF4B-00C04F79EFBC}") = "ConsolePourTestTests", "ConsolePourTestTests\ConsolePourTestTests.csproj", "{78E4AAD5-8AC9-4F2F-8438-AEEF8D526E83}"
EndProject
Global
	GlobalSection(SolutionConfigurationPlatforms) = preSolution
		Debug|Any CPU = Debug|Any CPU
		Release|Any CPU = Release|Any CPU
	EndGlobalSection
	GlobalSection(ProjectConfigurationPlatforms) = postSolution
		{5B674886-4A17-40FE-9B82-2D5D7B272063}.Debug|Any CPU.ActiveCfg = Debug|Any CPU
		{5B674886-4A17-40FE-9B82-2D5D7B272063}.Debug|Any CPU.Build.0 = Debug|Any CPU
		{5B674886-4A17-40FE-9B82-2D5D7B272063}.Release|Any CPU.ActiveCfg = Release|Any CPU
		{5B674886-4A17-40FE-9B82-2D5D7B272063}.Release|Any CPU.Build.0 = Release|Any CPU
		{78E4AAD5-8AC9-4F2F-8438-AEEF8D526E83}.Debug|Any CPU.ActiveCfg = Debug|Any CPU
		{78E4AAD5-8AC9-4F2F-8438-AEEF8D526E83}.Debug|Any CPU.Build.0 = Debug|Any CPU
		{78E4AAD5-8AC9-4F2F-8438-AEEF8D526E83}.Release|Any CPU.ActiveCfg = Release|Any CPU
		{78E4AAD5-8AC9-4F2F-8438-AEEF8D526E83}.Release|Any CPU.Build.0 = Release|Any CPU
	EndGlobalSection
	GlobalSection(SolutionProperties) = preSolution
		HideSolutionNode = FALSE
	EndGlobalSection
	GlobalSection(ExtensibilityGlobals) = postSolution
		SolutionGuid = {EBCBC27B-1522-4FD1-9C6A-F7475796E4B2}
	EndGlobalSection
EndGlobal
